
Microsoft Visual Studio Solution File, Format Version 12.00
# Visual Studio Version 17
VisualStudioVersion = 17.4.33205.214
MinimumVisualStudioVersion = 10.0.40219.1
Project("{FAE04EC0-301F-11D3-BF4B-00C04F79EFBC}") = "MyClass10", "MyClass10.csproj", "{FC585F6F-6FFF-4EF0-8438-DC143E1D17EF}"
EndProject
Global
	GlobalSection(SolutionConfigurationPlatforms) = preSolution
		Debug|Any CPU = Debug|Any CPU
		Release|Any CPU = Release|Any CPU
	EndGlobalSection
	GlobalSection(ProjectConfigurationPlatforms) = postSolution
		{FC585F6F-6FFF-4EF0-8438-DC143E1D17EF}.Debug|Any CPU.ActiveCfg = Debug|Any CPU
		{FC585F6F-6FFF-4EF0-8438-DC143E1D17EF}.Debug|Any CPU.Build.0 = Debug|Any CPU
		{FC585F6F-6FFF-4EF0-8438-DC143E1D17EF}.Release|Any CPU.ActiveCfg = Release|Any CPU
		{FC585F6F-6FFF-4EF0-8438-DC143E1D17EF}.Release|Any CPU.Build.0 = Release|Any CPU
	EndGlobalSection
	GlobalSection(SolutionProperties) = preSolution
		HideSolutionNode = FALSE
	EndGlobalSection
	GlobalSection(ExtensibilityGlobals) = postSolution
		SolutionGuid = {A1167264-A7C3-4A9B-A7FA-63A4E935B0E2}
	EndGlobalSection
EndGlobal
