
Microsoft Visual Studio Solution File, Format Version 12.00
# Visual Studio Version 17
VisualStudioVersion = 17.4.33205.214
MinimumVisualStudioVersion = 10.0.40219.1
Project("{FAE04EC0-301F-11D3-BF4B-00C04F79EFBC}") = "RyuClass6", "RyuClass6.csproj", "{2525A629-FAF9-4794-9FD3-B95925CBD77D}"
EndProject
Global
	GlobalSection(SolutionConfigurationPlatforms) = preSolution
		Debug|Any CPU = Debug|Any CPU
		Release|Any CPU = Release|Any CPU
	EndGlobalSection
	GlobalSection(ProjectConfigurationPlatforms) = postSolution
		{2525A629-FAF9-4794-9FD3-B95925CBD77D}.Debug|Any CPU.ActiveCfg = Debug|Any CPU
		{2525A629-FAF9-4794-9FD3-B95925CBD77D}.Debug|Any CPU.Build.0 = Debug|Any CPU
		{2525A629-FAF9-4794-9FD3-B95925CBD77D}.Release|Any CPU.ActiveCfg = Release|Any CPU
		{2525A629-FAF9-4794-9FD3-B95925CBD77D}.Release|Any CPU.Build.0 = Release|Any CPU
	EndGlobalSection
	GlobalSection(SolutionProperties) = preSolution
		HideSolutionNode = FALSE
	EndGlobalSection
	GlobalSection(ExtensibilityGlobals) = postSolution
		SolutionGuid = {37086930-89F3-4F0F-AB7D-AB0D475100AB}
	EndGlobalSection
EndGlobal
