
Microsoft Visual Studio Solution File, Format Version 12.00
# Visual Studio Version 17
VisualStudioVersion = 17.4.33205.214
MinimumVisualStudioVersion = 10.0.40219.1
Project("{FAE04EC0-301F-11D3-BF4B-00C04F79EFBC}") = "ryuClass4", "ryuClass4.csproj", "{8826404B-17CD-47CF-903A-25D37D9DDFB0}"
EndProject
Global
	GlobalSection(SolutionConfigurationPlatforms) = preSolution
		Debug|Any CPU = Debug|Any CPU
		Release|Any CPU = Release|Any CPU
	EndGlobalSection
	GlobalSection(ProjectConfigurationPlatforms) = postSolution
		{8826404B-17CD-47CF-903A-25D37D9DDFB0}.Debug|Any CPU.ActiveCfg = Debug|Any CPU
		{8826404B-17CD-47CF-903A-25D37D9DDFB0}.Debug|Any CPU.Build.0 = Debug|Any CPU
		{8826404B-17CD-47CF-903A-25D37D9DDFB0}.Release|Any CPU.ActiveCfg = Release|Any CPU
		{8826404B-17CD-47CF-903A-25D37D9DDFB0}.Release|Any CPU.Build.0 = Release|Any CPU
	EndGlobalSection
	GlobalSection(SolutionProperties) = preSolution
		HideSolutionNode = FALSE
	EndGlobalSection
	GlobalSection(ExtensibilityGlobals) = postSolution
		SolutionGuid = {70F98E50-95E6-4183-9703-E4FE4CBE4456}
	EndGlobalSection
EndGlobal
