
Microsoft Visual Studio Solution File, Format Version 12.00
# Visual Studio Version 17
VisualStudioVersion = 17.4.33205.214
MinimumVisualStudioVersion = 10.0.40219.1
Project("{FAE04EC0-301F-11D3-BF4B-00C04F79EFBC}") = "CardGame", "CardGame.csproj", "{27C52254-8147-4EB2-B4A7-D3D7A3F3A523}"
EndProject
Global
	GlobalSection(SolutionConfigurationPlatforms) = preSolution
		Debug|Any CPU = Debug|Any CPU
		Release|Any CPU = Release|Any CPU
	EndGlobalSection
	GlobalSection(ProjectConfigurationPlatforms) = postSolution
		{27C52254-8147-4EB2-B4A7-D3D7A3F3A523}.Debug|Any CPU.ActiveCfg = Debug|Any CPU
		{27C52254-8147-4EB2-B4A7-D3D7A3F3A523}.Debug|Any CPU.Build.0 = Debug|Any CPU
		{27C52254-8147-4EB2-B4A7-D3D7A3F3A523}.Release|Any CPU.ActiveCfg = Release|Any CPU
		{27C52254-8147-4EB2-B4A7-D3D7A3F3A523}.Release|Any CPU.Build.0 = Release|Any CPU
	EndGlobalSection
	GlobalSection(SolutionProperties) = preSolution
		HideSolutionNode = FALSE
	EndGlobalSection
	GlobalSection(ExtensibilityGlobals) = postSolution
		SolutionGuid = {CDC808A2-078B-4AFA-B130-830B27309800}
	EndGlobalSection
EndGlobal
