
Microsoft Visual Studio Solution File, Format Version 12.00
# Visual Studio Version 17
VisualStudioVersion = 17.4.33205.214
MinimumVisualStudioVersion = 10.0.40219.1
Project("{FAE04EC0-301F-11D3-BF4B-00C04F79EFBC}") = "ConsoleApp1", "ConsoleApp1.csproj", "{7BB77F76-715D-4F92-B7C4-1FE9C464FC4D}"
EndProject
Global
	GlobalSection(SolutionConfigurationPlatforms) = preSolution
		Debug|Any CPU = Debug|Any CPU
		Release|Any CPU = Release|Any CPU
	EndGlobalSection
	GlobalSection(ProjectConfigurationPlatforms) = postSolution
		{7BB77F76-715D-4F92-B7C4-1FE9C464FC4D}.Debug|Any CPU.ActiveCfg = Debug|Any CPU
		{7BB77F76-715D-4F92-B7C4-1FE9C464FC4D}.Debug|Any CPU.Build.0 = Debug|Any CPU
		{7BB77F76-715D-4F92-B7C4-1FE9C464FC4D}.Release|Any CPU.ActiveCfg = Release|Any CPU
		{7BB77F76-715D-4F92-B7C4-1FE9C464FC4D}.Release|Any CPU.Build.0 = Release|Any CPU
	EndGlobalSection
	GlobalSection(SolutionProperties) = preSolution
		HideSolutionNode = FALSE
	EndGlobalSection
	GlobalSection(ExtensibilityGlobals) = postSolution
		SolutionGuid = {E63F6F9D-3979-4E28-9913-70D859D32A3C}
	EndGlobalSection
EndGlobal
