
Microsoft Visual Studio Solution File, Format Version 12.00
# Visual Studio Version 17
VisualStudioVersion = 17.4.33205.214
MinimumVisualStudioVersion = 10.0.40219.1
Project("{FAE04EC0-301F-11D3-BF4B-00C04F79EFBC}") = "ryuClass3", "ryuClass3.csproj", "{87336CFC-B73F-4A8E-8D14-ED416A445BFF}"
EndProject
Global
	GlobalSection(SolutionConfigurationPlatforms) = preSolution
		Debug|Any CPU = Debug|Any CPU
		Release|Any CPU = Release|Any CPU
	EndGlobalSection
	GlobalSection(ProjectConfigurationPlatforms) = postSolution
		{87336CFC-B73F-4A8E-8D14-ED416A445BFF}.Debug|Any CPU.ActiveCfg = Debug|Any CPU
		{87336CFC-B73F-4A8E-8D14-ED416A445BFF}.Debug|Any CPU.Build.0 = Debug|Any CPU
		{87336CFC-B73F-4A8E-8D14-ED416A445BFF}.Release|Any CPU.ActiveCfg = Release|Any CPU
		{87336CFC-B73F-4A8E-8D14-ED416A445BFF}.Release|Any CPU.Build.0 = Release|Any CPU
	EndGlobalSection
	GlobalSection(SolutionProperties) = preSolution
		HideSolutionNode = FALSE
	EndGlobalSection
	GlobalSection(ExtensibilityGlobals) = postSolution
		SolutionGuid = {65BA08BA-D92E-4CF9-A908-C29182810D58}
	EndGlobalSection
EndGlobal
