
Microsoft Visual Studio Solution File, Format Version 12.00
# Visual Studio Version 17
VisualStudioVersion = 17.4.33205.214
MinimumVisualStudioVersion = 10.0.40219.1
Project("{FAE04EC0-301F-11D3-BF4B-00C04F79EFBC}") = "WindowsFormsApp1", "WindowsFormsApp1.csproj", "{9B7C7086-9AAC-4632-960A-FDF437BE7679}"
EndProject
Global
	GlobalSection(SolutionConfigurationPlatforms) = preSolution
		Debug|Any CPU = Debug|Any CPU
		Release|Any CPU = Release|Any CPU
	EndGlobalSection
	GlobalSection(ProjectConfigurationPlatforms) = postSolution
		{9B7C7086-9AAC-4632-960A-FDF437BE7679}.Debug|Any CPU.ActiveCfg = Debug|Any CPU
		{9B7C7086-9AAC-4632-960A-FDF437BE7679}.Debug|Any CPU.Build.0 = Debug|Any CPU
		{9B7C7086-9AAC-4632-960A-FDF437BE7679}.Release|Any CPU.ActiveCfg = Release|Any CPU
		{9B7C7086-9AAC-4632-960A-FDF437BE7679}.Release|Any CPU.Build.0 = Release|Any CPU
	EndGlobalSection
	GlobalSection(SolutionProperties) = preSolution
		HideSolutionNode = FALSE
	EndGlobalSection
	GlobalSection(ExtensibilityGlobals) = postSolution
		SolutionGuid = {FA990141-0EF2-4C1B-9403-952139F672A6}
	EndGlobalSection
EndGlobal
