
Microsoft Visual Studio Solution File, Format Version 12.00
# Visual Studio Version 17
VisualStudioVersion = 17.4.33205.214
MinimumVisualStudioVersion = 10.0.40219.1
Project("{FAE04EC0-301F-11D3-BF4B-00C04F79EFBC}") = "MyClass8", "MyClass8.csproj", "{31181653-5FAE-41BB-8AAC-0657221085B8}"
EndProject
Global
	GlobalSection(SolutionConfigurationPlatforms) = preSolution
		Debug|Any CPU = Debug|Any CPU
		Release|Any CPU = Release|Any CPU
	EndGlobalSection
	GlobalSection(ProjectConfigurationPlatforms) = postSolution
		{31181653-5FAE-41BB-8AAC-0657221085B8}.Debug|Any CPU.ActiveCfg = Debug|Any CPU
		{31181653-5FAE-41BB-8AAC-0657221085B8}.Debug|Any CPU.Build.0 = Debug|Any CPU
		{31181653-5FAE-41BB-8AAC-0657221085B8}.Release|Any CPU.ActiveCfg = Release|Any CPU
		{31181653-5FAE-41BB-8AAC-0657221085B8}.Release|Any CPU.Build.0 = Release|Any CPU
	EndGlobalSection
	GlobalSection(SolutionProperties) = preSolution
		HideSolutionNode = FALSE
	EndGlobalSection
	GlobalSection(ExtensibilityGlobals) = postSolution
		SolutionGuid = {3119AE37-F587-45FB-B252-F4B837126F59}
	EndGlobalSection
EndGlobal
