
Microsoft Visual Studio Solution File, Format Version 12.00
# Visual Studio Version 17
VisualStudioVersion = 17.4.33205.214
MinimumVisualStudioVersion = 10.0.40219.1
Project("{FAE04EC0-301F-11D3-BF4B-00C04F79EFBC}") = "RyuClass9", "RyuClass9.csproj", "{50E7D0F0-7849-4FF3-8478-4F933EAABC24}"
EndProject
Global
	GlobalSection(SolutionConfigurationPlatforms) = preSolution
		Debug|Any CPU = Debug|Any CPU
		Release|Any CPU = Release|Any CPU
	EndGlobalSection
	GlobalSection(ProjectConfigurationPlatforms) = postSolution
		{50E7D0F0-7849-4FF3-8478-4F933EAABC24}.Debug|Any CPU.ActiveCfg = Debug|Any CPU
		{50E7D0F0-7849-4FF3-8478-4F933EAABC24}.Debug|Any CPU.Build.0 = Debug|Any CPU
		{50E7D0F0-7849-4FF3-8478-4F933EAABC24}.Release|Any CPU.ActiveCfg = Release|Any CPU
		{50E7D0F0-7849-4FF3-8478-4F933EAABC24}.Release|Any CPU.Build.0 = Release|Any CPU
	EndGlobalSection
	GlobalSection(SolutionProperties) = preSolution
		HideSolutionNode = FALSE
	EndGlobalSection
	GlobalSection(ExtensibilityGlobals) = postSolution
		SolutionGuid = {6FBD4CEA-4716-4CDE-B4B9-B6AB8E50742F}
	EndGlobalSection
EndGlobal
